
Microsoft Visual Studio Solution File, Format Version 12.00
# Visual Studio Version 16
VisualStudioVersion = 16.0.31019.35
MinimumVisualStudioVersion = 10.0.40219.1
Project("{FAE04EC0-301F-11D3-BF4B-00C04F79EFBC}") = "Baroque", "Baroque.csproj", "{B69FF153-D5D8-4B7B-9DDB-BA33A09B67A8}"
EndProject
Global
	GlobalSection(SolutionConfigurationPlatforms) = preSolution
		Debug|Any CPU = Debug|Any CPU
		Release|Any CPU = Release|Any CPU
	EndGlobalSection
	GlobalSection(ProjectConfigurationPlatforms) = postSolution
		{B69FF153-D5D8-4B7B-9DDB-BA33A09B67A8}.Debug|Any CPU.ActiveCfg = Debug|Any CPU
		{B69FF153-D5D8-4B7B-9DDB-BA33A09B67A8}.Debug|Any CPU.Build.0 = Debug|Any CPU
		{B69FF153-D5D8-4B7B-9DDB-BA33A09B67A8}.Release|Any CPU.ActiveCfg = Release|Any CPU
		{B69FF153-D5D8-4B7B-9DDB-BA33A09B67A8}.Release|Any CPU.Build.0 = Release|Any CPU
	EndGlobalSection
	GlobalSection(SolutionProperties) = preSolution
		HideSolutionNode = FALSE
	EndGlobalSection
	GlobalSection(ExtensibilityGlobals) = postSolution
		SolutionGuid = {0602B5B3-9282-43EE-9160-C809AF9C797B}
	EndGlobalSection
EndGlobal
